
Microsoft Visual Studio Solution File, Format Version 12.00
# Visual Studio 15
VisualStudioVersion = 15.0.28307.421
MinimumVisualStudioVersion = 10.0.40219.1
Project("{FAE04EC0-301F-11D3-BF4B-00C04F79EFBC}") = "Delegates", "DelegatesAndEvents\Delegates.csproj", "{9D4C5826-2830-47BF-AA16-B4885937401B}"
EndProject
Project("{FAE04EC0-301F-11D3-BF4B-00C04F79EFBC}") = "Events", "Events\Events.csproj", "{DFEB867F-F2A3-4DDE-8B99-F1D9BF918660}"
EndProject
Project("{FAE04EC0-301F-11D3-BF4B-00C04F79EFBC}") = "Task3", "Task3\Task3.csproj", "{5FDA3E9A-805D-4880-9077-358962D46A7A}"
EndProject
Global
	GlobalSection(SolutionConfigurationPlatforms) = preSolution
		Debug|Any CPU = Debug|Any CPU
		Release|Any CPU = Release|Any CPU
	EndGlobalSection
	GlobalSection(ProjectConfigurationPlatforms) = postSolution
		{9D4C5826-2830-47BF-AA16-B4885937401B}.Debug|Any CPU.ActiveCfg = Debug|Any CPU
		{9D4C5826-2830-47BF-AA16-B4885937401B}.Debug|Any CPU.Build.0 = Debug|Any CPU
		{9D4C5826-2830-47BF-AA16-B4885937401B}.Release|Any CPU.ActiveCfg = Release|Any CPU
		{9D4C5826-2830-47BF-AA16-B4885937401B}.Release|Any CPU.Build.0 = Release|Any CPU
		{DFEB867F-F2A3-4DDE-8B99-F1D9BF918660}.Debug|Any CPU.ActiveCfg = Debug|Any CPU
		{DFEB867F-F2A3-4DDE-8B99-F1D9BF918660}.Debug|Any CPU.Build.0 = Debug|Any CPU
		{DFEB867F-F2A3-4DDE-8B99-F1D9BF918660}.Release|Any CPU.ActiveCfg = Release|Any CPU
		{DFEB867F-F2A3-4DDE-8B99-F1D9BF918660}.Release|Any CPU.Build.0 = Release|Any CPU
		{5FDA3E9A-805D-4880-9077-358962D46A7A}.Debug|Any CPU.ActiveCfg = Debug|Any CPU
		{5FDA3E9A-805D-4880-9077-358962D46A7A}.Debug|Any CPU.Build.0 = Debug|Any CPU
		{5FDA3E9A-805D-4880-9077-358962D46A7A}.Release|Any CPU.ActiveCfg = Release|Any CPU
		{5FDA3E9A-805D-4880-9077-358962D46A7A}.Release|Any CPU.Build.0 = Release|Any CPU
	EndGlobalSection
	GlobalSection(SolutionProperties) = preSolution
		HideSolutionNode = FALSE
	EndGlobalSection
	GlobalSection(ExtensibilityGlobals) = postSolution
		SolutionGuid = {1E10641C-82E3-47FC-9478-3790AF73614B}
	EndGlobalSection
EndGlobal
